
Microsoft Visual Studio Solution File, Format Version 12.00
# Visual Studio Version 17
VisualStudioVersion = 17.3.32901.215
MinimumVisualStudioVersion = 10.0.40219.1
Project("{FAE04EC0-301F-11D3-BF4B-00C04F79EFBC}") = "TicTacToeApi", "TicTacToeApi\TicTacToeApi.csproj", "{1D7CBDC1-BB8E-4F04-A075-A96074F06346}"
EndProject
Global
	GlobalSection(SolutionConfigurationPlatforms) = preSolution
		Debug|Any CPU = Debug|Any CPU
		Release|Any CPU = Release|Any CPU
	EndGlobalSection
	GlobalSection(ProjectConfigurationPlatforms) = postSolution
		{1D7CBDC1-BB8E-4F04-A075-A96074F06346}.Debug|Any CPU.ActiveCfg = Debug|Any CPU
		{1D7CBDC1-BB8E-4F04-A075-A96074F06346}.Debug|Any CPU.Build.0 = Debug|Any CPU
		{1D7CBDC1-BB8E-4F04-A075-A96074F06346}.Release|Any CPU.ActiveCfg = Release|Any CPU
		{1D7CBDC1-BB8E-4F04-A075-A96074F06346}.Release|Any CPU.Build.0 = Release|Any CPU
	EndGlobalSection
	GlobalSection(SolutionProperties) = preSolution
		HideSolutionNode = FALSE
	EndGlobalSection
	GlobalSection(ExtensibilityGlobals) = postSolution
		SolutionGuid = {3D55545F-8359-48F4-9966-AEF88D1182C1}
	EndGlobalSection
EndGlobal
